
Microsoft Visual Studio Solution File, Format Version 12.00
# Visual Studio 2017
Project("{FAE04EC0-301F-11D3-BF4B-00C04F79EFBC}") = "SpaceScroller", "SpaceScroller.csproj", "{5B7E6BC9-3748-227F-12D2-A1DB343EC10D}"
EndProject
Project("{FAE04EC0-301F-11D3-BF4B-00C04F79EFBC}") = "SpaceScroller.Plugins", "SpaceScroller.Plugins.csproj", "{88B808CE-D112-C171-B4B7-1BACEB601C67}"
EndProject
Project("{FAE04EC0-301F-11D3-BF4B-00C04F79EFBC}") = "Unity.PackageManagerUI.Editor", "Unity.PackageManagerUI.Editor.csproj", "{6877705C-FBD9-0C4F-5AFB-6FB431E5D39D}"
EndProject
Project("{FAE04EC0-301F-11D3-BF4B-00C04F79EFBC}") = "SpaceScroller.Editor.Plugins", "SpaceScroller.Editor.Plugins.csproj", "{B5E055AD-0F5E-2B10-8EAB-9FDD8E649C30}"
EndProject
Project("{FAE04EC0-301F-11D3-BF4B-00C04F79EFBC}") = "SpaceScroller.Editor", "SpaceScroller.Editor.csproj", "{EFBB2CBB-56FD-3026-4C3E-E378062172F1}"
EndProject
Project("{FAE04EC0-301F-11D3-BF4B-00C04F79EFBC}") = "UnityEditor.StandardEvents", "UnityEditor.StandardEvents.csproj", "{6800202F-4402-D405-F8CB-03DC7BD78B92}"
EndProject
Global
	GlobalSection(SolutionConfigurationPlatforms) = preSolution
		Debug|Any CPU = Debug|Any CPU
		Release|Any CPU = Release|Any CPU
	EndGlobalSection
	GlobalSection(ProjectConfigurationPlatforms) = postSolution
		{5B7E6BC9-3748-227F-12D2-A1DB343EC10D}.Debug|Any CPU.ActiveCfg = Debug|Any CPU
		{5B7E6BC9-3748-227F-12D2-A1DB343EC10D}.Debug|Any CPU.Build.0 = Debug|Any CPU
		{5B7E6BC9-3748-227F-12D2-A1DB343EC10D}.Release|Any CPU.ActiveCfg = Release|Any CPU
		{5B7E6BC9-3748-227F-12D2-A1DB343EC10D}.Release|Any CPU.Build.0 = Release|Any CPU
		{88B808CE-D112-C171-B4B7-1BACEB601C67}.Debug|Any CPU.ActiveCfg = Debug|Any CPU
		{88B808CE-D112-C171-B4B7-1BACEB601C67}.Debug|Any CPU.Build.0 = Debug|Any CPU
		{88B808CE-D112-C171-B4B7-1BACEB601C67}.Release|Any CPU.ActiveCfg = Release|Any CPU
		{88B808CE-D112-C171-B4B7-1BACEB601C67}.Release|Any CPU.Build.0 = Release|Any CPU
		{6877705C-FBD9-0C4F-5AFB-6FB431E5D39D}.Debug|Any CPU.ActiveCfg = Debug|Any CPU
		{6877705C-FBD9-0C4F-5AFB-6FB431E5D39D}.Debug|Any CPU.Build.0 = Debug|Any CPU
		{6877705C-FBD9-0C4F-5AFB-6FB431E5D39D}.Release|Any CPU.ActiveCfg = Release|Any CPU
		{6877705C-FBD9-0C4F-5AFB-6FB431E5D39D}.Release|Any CPU.Build.0 = Release|Any CPU
		{B5E055AD-0F5E-2B10-8EAB-9FDD8E649C30}.Debug|Any CPU.ActiveCfg = Debug|Any CPU
		{B5E055AD-0F5E-2B10-8EAB-9FDD8E649C30}.Debug|Any CPU.Build.0 = Debug|Any CPU
		{B5E055AD-0F5E-2B10-8EAB-9FDD8E649C30}.Release|Any CPU.ActiveCfg = Release|Any CPU
		{B5E055AD-0F5E-2B10-8EAB-9FDD8E649C30}.Release|Any CPU.Build.0 = Release|Any CPU
		{EFBB2CBB-56FD-3026-4C3E-E378062172F1}.Debug|Any CPU.ActiveCfg = Debug|Any CPU
		{EFBB2CBB-56FD-3026-4C3E-E378062172F1}.Debug|Any CPU.Build.0 = Debug|Any CPU
		{EFBB2CBB-56FD-3026-4C3E-E378062172F1}.Release|Any CPU.ActiveCfg = Release|Any CPU
		{EFBB2CBB-56FD-3026-4C3E-E378062172F1}.Release|Any CPU.Build.0 = Release|Any CPU
		{6800202F-4402-D405-F8CB-03DC7BD78B92}.Debug|Any CPU.ActiveCfg = Debug|Any CPU
		{6800202F-4402-D405-F8CB-03DC7BD78B92}.Debug|Any CPU.Build.0 = Debug|Any CPU
		{6800202F-4402-D405-F8CB-03DC7BD78B92}.Release|Any CPU.ActiveCfg = Release|Any CPU
		{6800202F-4402-D405-F8CB-03DC7BD78B92}.Release|Any CPU.Build.0 = Release|Any CPU
	EndGlobalSection
	GlobalSection(SolutionProperties) = preSolution
		HideSolutionNode = FALSE
	EndGlobalSection
EndGlobal
